
Microsoft Visual Studio Solution File, Format Version 12.00
# Visual Studio Version 17
VisualStudioVersion = 17.10.34928.147
MinimumVisualStudioVersion = 10.0.40219.1
Project("{9A19103F-16F7-4668-BE54-9A1E7A4F7556}") = "Service1.Api", "Service1.Api\Service1.Api.csproj", "{D78FB43B-3531-4636-BB4C-01CB3509A4FF}"
EndProject
Project("{E53339B2-1760-4266-BCC7-CA923CBCF16C}") = "docker-compose.it.test", "docker-compose.it.test.dcproj", "{D133FD94-D0B0-4D6C-AE9B-35D455FCFFCB}"
EndProject
Project("{9A19103F-16F7-4668-BE54-9A1E7A4F7556}") = "Service2.Api", "Service2.Api\Service2.Api.csproj", "{9821402F-BD6F-4455-BC13-A89FB2C190E5}"
EndProject
Project("{2150E333-8FDC-42A3-9474-1A3956D46DE8}") = "Service1", "Service1", "{15E95712-E2AD-484B-9C8F-96F87096E708}"
EndProject
Project("{2150E333-8FDC-42A3-9474-1A3956D46DE8}") = "Service2", "Service2", "{112F582C-A3D4-4B02-BCDD-8029B539826C}"
EndProject
Project("{2150E333-8FDC-42A3-9474-1A3956D46DE8}") = "Infrastructure", "Infrastructure", "{A2F03EA5-F078-4EF1-99B9-402185A5EBB0}"
EndProject
Project("{9A19103F-16F7-4668-BE54-9A1E7A4F7556}") = "Service2.Infrastructure.Postgres", "Service2.Infrastructure.Postgres\Service2.Infrastructure.Postgres.csproj", "{A3F5A800-C55C-42D0-A221-A4BCE108D579}"
EndProject
Project("{9A19103F-16F7-4668-BE54-9A1E7A4F7556}") = "Service2.Domain", "Service2.Domain\Service2.Domain.csproj", "{477B9D7A-803E-4E19-85C3-D7B1A6CE74A4}"
EndProject
Project("{9A19103F-16F7-4668-BE54-9A1E7A4F7556}") = "Service.Contracts", "Service.Contracts\Service.Contracts.csproj", "{130DA333-9034-4034-B79B-4F5435491D92}"
EndProject
Project("{FAE04EC0-301F-11D3-BF4B-00C04F79EFBC}") = "Service2.UnitTest", "Service2.UnitTest\Service2.UnitTest.csproj", "{7F03E936-E194-4A2A-9211-F4E3AAF66030}"
EndProject
Global
	GlobalSection(SolutionConfigurationPlatforms) = preSolution
		Debug|Any CPU = Debug|Any CPU
		Release|Any CPU = Release|Any CPU
	EndGlobalSection
	GlobalSection(ProjectConfigurationPlatforms) = postSolution
		{D78FB43B-3531-4636-BB4C-01CB3509A4FF}.Debug|Any CPU.ActiveCfg = Debug|Any CPU
		{D78FB43B-3531-4636-BB4C-01CB3509A4FF}.Debug|Any CPU.Build.0 = Debug|Any CPU
		{D78FB43B-3531-4636-BB4C-01CB3509A4FF}.Release|Any CPU.ActiveCfg = Release|Any CPU
		{D78FB43B-3531-4636-BB4C-01CB3509A4FF}.Release|Any CPU.Build.0 = Release|Any CPU
		{D133FD94-D0B0-4D6C-AE9B-35D455FCFFCB}.Debug|Any CPU.ActiveCfg = Debug|Any CPU
		{D133FD94-D0B0-4D6C-AE9B-35D455FCFFCB}.Debug|Any CPU.Build.0 = Debug|Any CPU
		{D133FD94-D0B0-4D6C-AE9B-35D455FCFFCB}.Release|Any CPU.ActiveCfg = Release|Any CPU
		{D133FD94-D0B0-4D6C-AE9B-35D455FCFFCB}.Release|Any CPU.Build.0 = Release|Any CPU
		{9821402F-BD6F-4455-BC13-A89FB2C190E5}.Debug|Any CPU.ActiveCfg = Debug|Any CPU
		{9821402F-BD6F-4455-BC13-A89FB2C190E5}.Debug|Any CPU.Build.0 = Debug|Any CPU
		{9821402F-BD6F-4455-BC13-A89FB2C190E5}.Release|Any CPU.ActiveCfg = Release|Any CPU
		{9821402F-BD6F-4455-BC13-A89FB2C190E5}.Release|Any CPU.Build.0 = Release|Any CPU
		{A3F5A800-C55C-42D0-A221-A4BCE108D579}.Debug|Any CPU.ActiveCfg = Debug|Any CPU
		{A3F5A800-C55C-42D0-A221-A4BCE108D579}.Debug|Any CPU.Build.0 = Debug|Any CPU
		{A3F5A800-C55C-42D0-A221-A4BCE108D579}.Release|Any CPU.ActiveCfg = Release|Any CPU
		{A3F5A800-C55C-42D0-A221-A4BCE108D579}.Release|Any CPU.Build.0 = Release|Any CPU
		{477B9D7A-803E-4E19-85C3-D7B1A6CE74A4}.Debug|Any CPU.ActiveCfg = Debug|Any CPU
		{477B9D7A-803E-4E19-85C3-D7B1A6CE74A4}.Debug|Any CPU.Build.0 = Debug|Any CPU
		{477B9D7A-803E-4E19-85C3-D7B1A6CE74A4}.Release|Any CPU.ActiveCfg = Release|Any CPU
		{477B9D7A-803E-4E19-85C3-D7B1A6CE74A4}.Release|Any CPU.Build.0 = Release|Any CPU
		{130DA333-9034-4034-B79B-4F5435491D92}.Debug|Any CPU.ActiveCfg = Debug|Any CPU
		{130DA333-9034-4034-B79B-4F5435491D92}.Debug|Any CPU.Build.0 = Debug|Any CPU
		{130DA333-9034-4034-B79B-4F5435491D92}.Release|Any CPU.ActiveCfg = Release|Any CPU
		{130DA333-9034-4034-B79B-4F5435491D92}.Release|Any CPU.Build.0 = Release|Any CPU
		{7F03E936-E194-4A2A-9211-F4E3AAF66030}.Debug|Any CPU.ActiveCfg = Debug|Any CPU
		{7F03E936-E194-4A2A-9211-F4E3AAF66030}.Debug|Any CPU.Build.0 = Debug|Any CPU
		{7F03E936-E194-4A2A-9211-F4E3AAF66030}.Release|Any CPU.ActiveCfg = Release|Any CPU
		{7F03E936-E194-4A2A-9211-F4E3AAF66030}.Release|Any CPU.Build.0 = Release|Any CPU
	EndGlobalSection
	GlobalSection(SolutionProperties) = preSolution
		HideSolutionNode = FALSE
	EndGlobalSection
	GlobalSection(NestedProjects) = preSolution
		{D78FB43B-3531-4636-BB4C-01CB3509A4FF} = {15E95712-E2AD-484B-9C8F-96F87096E708}
		{9821402F-BD6F-4455-BC13-A89FB2C190E5} = {112F582C-A3D4-4B02-BCDD-8029B539826C}
		{A2F03EA5-F078-4EF1-99B9-402185A5EBB0} = {112F582C-A3D4-4B02-BCDD-8029B539826C}
		{A3F5A800-C55C-42D0-A221-A4BCE108D579} = {A2F03EA5-F078-4EF1-99B9-402185A5EBB0}
		{477B9D7A-803E-4E19-85C3-D7B1A6CE74A4} = {112F582C-A3D4-4B02-BCDD-8029B539826C}
		{7F03E936-E194-4A2A-9211-F4E3AAF66030} = {112F582C-A3D4-4B02-BCDD-8029B539826C}
	EndGlobalSection
	GlobalSection(ExtensibilityGlobals) = postSolution
		SolutionGuid = {63735A72-3931-4270-AA0F-D8459040D357}
	EndGlobalSection
EndGlobal
