
Microsoft Visual Studio Solution File, Format Version 12.00
# Visual Studio Version 17
VisualStudioVersion = 17.10.34928.147
MinimumVisualStudioVersion = 10.0.40219.1
Project("{9A19103F-16F7-4668-BE54-9A1E7A4F7556}") = "Service1.Api", "Service1.Api\Service1.Api.csproj", "{D78FB43B-3531-4636-BB4C-01CB3509A4FF}"
EndProject
Project("{E53339B2-1760-4266-BCC7-CA923CBCF16C}") = "docker-compose.it.test", "docker-compose.it.test.dcproj", "{D133FD94-D0B0-4D6C-AE9B-35D455FCFFCB}"
EndProject
Project("{9A19103F-16F7-4668-BE54-9A1E7A4F7556}") = "Service2.Api", "Service2.Api\Service2.Api.csproj", "{9821402F-BD6F-4455-BC13-A89FB2C190E5}"
EndProject
Project("{FAE04EC0-301F-11D3-BF4B-00C04F79EFBC}") = "Service.Domain", "Service.Domain\Service.Domain.csproj", "{53DEE267-D6CF-42A6-A566-A5E9112F0D59}"
EndProject
Global
	GlobalSection(SolutionConfigurationPlatforms) = preSolution
		Debug|Any CPU = Debug|Any CPU
		Release|Any CPU = Release|Any CPU
	EndGlobalSection
	GlobalSection(ProjectConfigurationPlatforms) = postSolution
		{D78FB43B-3531-4636-BB4C-01CB3509A4FF}.Debug|Any CPU.ActiveCfg = Debug|Any CPU
		{D78FB43B-3531-4636-BB4C-01CB3509A4FF}.Debug|Any CPU.Build.0 = Debug|Any CPU
		{D78FB43B-3531-4636-BB4C-01CB3509A4FF}.Release|Any CPU.ActiveCfg = Release|Any CPU
		{D78FB43B-3531-4636-BB4C-01CB3509A4FF}.Release|Any CPU.Build.0 = Release|Any CPU
		{D133FD94-D0B0-4D6C-AE9B-35D455FCFFCB}.Debug|Any CPU.ActiveCfg = Debug|Any CPU
		{D133FD94-D0B0-4D6C-AE9B-35D455FCFFCB}.Debug|Any CPU.Build.0 = Debug|Any CPU
		{D133FD94-D0B0-4D6C-AE9B-35D455FCFFCB}.Release|Any CPU.ActiveCfg = Release|Any CPU
		{D133FD94-D0B0-4D6C-AE9B-35D455FCFFCB}.Release|Any CPU.Build.0 = Release|Any CPU
		{9821402F-BD6F-4455-BC13-A89FB2C190E5}.Debug|Any CPU.ActiveCfg = Debug|Any CPU
		{9821402F-BD6F-4455-BC13-A89FB2C190E5}.Debug|Any CPU.Build.0 = Debug|Any CPU
		{9821402F-BD6F-4455-BC13-A89FB2C190E5}.Release|Any CPU.ActiveCfg = Release|Any CPU
		{9821402F-BD6F-4455-BC13-A89FB2C190E5}.Release|Any CPU.Build.0 = Release|Any CPU
		{53DEE267-D6CF-42A6-A566-A5E9112F0D59}.Debug|Any CPU.ActiveCfg = Debug|Any CPU
		{53DEE267-D6CF-42A6-A566-A5E9112F0D59}.Debug|Any CPU.Build.0 = Debug|Any CPU
		{53DEE267-D6CF-42A6-A566-A5E9112F0D59}.Release|Any CPU.ActiveCfg = Release|Any CPU
		{53DEE267-D6CF-42A6-A566-A5E9112F0D59}.Release|Any CPU.Build.0 = Release|Any CPU
	EndGlobalSection
	GlobalSection(SolutionProperties) = preSolution
		HideSolutionNode = FALSE
	EndGlobalSection
	GlobalSection(ExtensibilityGlobals) = postSolution
		SolutionGuid = {63735A72-3931-4270-AA0F-D8459040D357}
	EndGlobalSection
EndGlobal
